
Microsoft Visual Studio Solution File, Format Version 12.00
# Visual Studio Version 16
VisualStudioVersion = 16.0.28803.352
MinimumVisualStudioVersion = 10.0.40219.1
Project("{FAE04EC0-301F-11D3-BF4B-00C04F79EFBC}") = "studentManagement", "studentManagement\studentManagement.csproj", "{3CF69444-4BDD-4199-87FB-CB726FACB8FE}"
EndProject
Global
	GlobalSection(SolutionConfigurationPlatforms) = preSolution
		Debug|Any CPU = Debug|Any CPU
		Debug|x64 = Debug|x64
		Release|Any CPU = Release|Any CPU
		Release|x64 = Release|x64
	EndGlobalSection
	GlobalSection(ProjectConfigurationPlatforms) = postSolution
		{3CF69444-4BDD-4199-87FB-CB726FACB8FE}.Debug|Any CPU.ActiveCfg = Debug|Any CPU
		{3CF69444-4BDD-4199-87FB-CB726FACB8FE}.Debug|Any CPU.Build.0 = Debug|Any CPU
		{3CF69444-4BDD-4199-87FB-CB726FACB8FE}.Debug|x64.ActiveCfg = Debug|x64
		{3CF69444-4BDD-4199-87FB-CB726FACB8FE}.Debug|x64.Build.0 = Debug|x64
		{3CF69444-4BDD-4199-87FB-CB726FACB8FE}.Release|Any CPU.ActiveCfg = Release|Any CPU
		{3CF69444-4BDD-4199-87FB-CB726FACB8FE}.Release|Any CPU.Build.0 = Release|Any CPU
		{3CF69444-4BDD-4199-87FB-CB726FACB8FE}.Release|x64.ActiveCfg = Release|x64
		{3CF69444-4BDD-4199-87FB-CB726FACB8FE}.Release|x64.Build.0 = Release|x64
	EndGlobalSection
	GlobalSection(SolutionProperties) = preSolution
		HideSolutionNode = FALSE
	EndGlobalSection
	GlobalSection(ExtensibilityGlobals) = postSolution
		SolutionGuid = {9322748B-4A8C-44DE-82FD-87CF2B676CBF}
	EndGlobalSection
EndGlobal
